
Microsoft Visual Studio Solution File, Format Version 12.00
# Visual Studio Version 16
VisualStudioVersion = 16.0.29102.190
MinimumVisualStudioVersion = 10.0.40219.1
Project("{FAE04EC0-301F-11D3-BF4B-00C04F79EFBC}") = "ExampleForGit", "ExampleForGit\ExampleForGit.csproj", "{13F9BC55-AB73-467A-88D3-95F81E1E7ADD}"
EndProject
Global
	GlobalSection(SolutionConfigurationPlatforms) = preSolution
		Debug|Any CPU = Debug|Any CPU
		Release|Any CPU = Release|Any CPU
	EndGlobalSection
	GlobalSection(ProjectConfigurationPlatforms) = postSolution
		{13F9BC55-AB73-467A-88D3-95F81E1E7ADD}.Debug|Any CPU.ActiveCfg = Debug|Any CPU
		{13F9BC55-AB73-467A-88D3-95F81E1E7ADD}.Debug|Any CPU.Build.0 = Debug|Any CPU
		{13F9BC55-AB73-467A-88D3-95F81E1E7ADD}.Release|Any CPU.ActiveCfg = Release|Any CPU
		{13F9BC55-AB73-467A-88D3-95F81E1E7ADD}.Release|Any CPU.Build.0 = Release|Any CPU
	EndGlobalSection
	GlobalSection(SolutionProperties) = preSolution
		HideSolutionNode = FALSE
	EndGlobalSection
	GlobalSection(ExtensibilityGlobals) = postSolution
		SolutionGuid = {5C205BDA-7B15-406B-9312-AF3151782EB7}
	EndGlobalSection
EndGlobal
